{
  "schemaVersion": 1,
  "node": {
    "version": "24.18.0",
    "lts": "Krypton",
    "npm": "11.16.0"
  },
  "packages": {
    "@playwright/test": "1.61.0",
    "typescript": "7.0.2"
  },
  "images": {
    "oracle-free": {
      "tag": "gvenzl/oracle-free:23.26.2-full",
      "linux/amd64": "sha256:df18ebc6b17107081b8bb8f1ee90e8018195dc9261e288100be99ef7bef268ff",
      "linux/arm64": "sha256:a590b3f44a3d8118c850fbfb486511256421a03bb93fb4d415a2a1103cd3ac01"
    },
    "ords": {
      "tag": "container-registry.oracle.com/database/ords:26.2.0",
      "linux/amd64": "sha256:ae9ae8cbbb0c00f25e9624e3b60ffb3838488ca1231d4c9ae4e0a2ab3f4b8930",
      "linux/arm64": "sha256:97a718f2b94a01d59d2b0c0b61cd407e1f9827a4218462f550d29523263ee66d"
    },
    "playwright": {
      "tag": "mcr.microsoft.com/playwright:v1.61.0-noble",
      "linux/amd64": "sha256:111dde95859f2c659291cb60e698f9048a8fc30b35b4ddb7c90f9cb5b73062d9",
      "linux/arm64": "sha256:35488358a60d3e7eacc4f02e0985e3b46240424d6d7b229732332016e6127508"
    }
  },
  "freedoom": {
    "version": "0.13.0",
    "archiveSha256": "3f9b264f3e3ce503b4fb7f6bdcb1f419d93c7b546f4df3e874dd878db9688f59",
    "freedoom1WadSha256": "7323bcc168c5a45ff10749b339960e98314740a734c30d4b9f3337001f9e703d"
  },
  "mochaDoom": {
    "repository": "https://github.com/AXDOOMER/mochadoom.git",
    "commit": "c0af1322ee5fd168b5cf8aaaf504cab2d1aabe93",
    "license": "GPL-3.0-or-later",
    "javaRelease": 8
  },
  "teaVM": {
    "version": "0.15.0",
    "mavenImage": "maven:3.9.11-eclipse-temurin-17",
    "compilerRelease": 11,
    "profile": "simulation-engine-headless",
    "targetType": "JAVASCRIPT",
    "moduleType": "ES2015",
    "optimizationLevel": "ADVANCED",
    "minifying": true,
    "inputBytecodeSha256": "83ebc323785cefcacf7b2c434b856e6d62f1f9ae4f77b063e6bce1f0a0e0f099",
    "mochaBytecodeSha256": "42b25147133bb5c84c3b19c1511583bbd36219fb2a68996244106f40078f943e",
    "canonicalOracleJarSha256": "2a102cb47626108d37127358ca18a34925709914606e8d89d04be22d0d72da74",
    "checkpointEnvelope": "DMC1-v5",
    "canonicalTablePackBytes": 180272,
    "canonicalTablePackSha256": "058cd0df9444131b356762a096fd422d5131ac3aea91163aee056e8ad4965b44",
    "outputBytes": 1170639,
    "outputSha256": "103e15e913b3a8f9a84497af601666fde5f47a720ac4b22fd7843db2559b665e",
    "presentation": {
      "profile": "presentation-engine-headless",
      "inputBytecodeSha256": "595a9a39bafe3aa6e3bbd2405fb1ca17f3bfa081dbf098360503ba3ab32d859b",
      "mochaBytecodeSha256": "bdef8440d129c3b1bd334c9ebe66c4d2d1f0d803939d9a1c29b7191c98b16bb3",
      "outputBytes": 1250529,
      "outputSha256": "e55d5f1138fa94d4fc7efd0acf27cbc89cb8a894e3d6828d84837a364b4426dc"
    }
  },
  "deploymentTools": {
    "awsCli": "2.34.36",
    "sqlcl": "26.2.0.181.2110"
  }
}
